
Microsoft Visual Studio Solution File, Format Version 12.00
# Visual Studio for Mac
Project("{FAE04EC0-301F-11D3-BF4B-00C04F79EFBC}") = "Assembly-CSharp", "Assembly-CSharp.csproj", "{BB5CE9DE-2875-CB7E-DD0F-32CE965C715F}"
EndProject
Project("{FAE04EC0-301F-11D3-BF4B-00C04F79EFBC}") = "Assembly-CSharp-firstpass", "Assembly-CSharp-firstpass.csproj", "{BE382BA4-856F-CEC4-BC3D-2B3FB5E884B0}"
EndProject
Global
	GlobalSection(SolutionConfigurationPlatforms) = preSolution
		Debug|Any CPU = Debug|Any CPU
		Release|Any CPU = Release|Any CPU
	EndGlobalSection
	GlobalSection(ProjectConfigurationPlatforms) = postSolution
		{BB5CE9DE-2875-CB7E-DD0F-32CE965C715F}.Debug|Any CPU.ActiveCfg = Debug|Any CPU
		{BB5CE9DE-2875-CB7E-DD0F-32CE965C715F}.Debug|Any CPU.Build.0 = Debug|Any CPU
		{BB5CE9DE-2875-CB7E-DD0F-32CE965C715F}.Release|Any CPU.ActiveCfg = Release|Any CPU
		{BB5CE9DE-2875-CB7E-DD0F-32CE965C715F}.Release|Any CPU.Build.0 = Release|Any CPU
		{BE382BA4-856F-CEC4-BC3D-2B3FB5E884B0}.Debug|Any CPU.ActiveCfg = Debug|Any CPU
		{BE382BA4-856F-CEC4-BC3D-2B3FB5E884B0}.Debug|Any CPU.Build.0 = Debug|Any CPU
		{BE382BA4-856F-CEC4-BC3D-2B3FB5E884B0}.Release|Any CPU.ActiveCfg = Release|Any CPU
		{BE382BA4-856F-CEC4-BC3D-2B3FB5E884B0}.Release|Any CPU.Build.0 = Release|Any CPU
	EndGlobalSection
	GlobalSection(SolutionProperties) = preSolution
		HideSolutionNode = FALSE
	EndGlobalSection
EndGlobal
